// !$*UTF8*$!
{
	archiveVersion = 1;
	classes = {
	};
	objectVersion = 46;
	objects = {

/* Begin PBXBuildFile section */
		4265A2FD193A9A02005C6763 /* icon-40@2x.png in Resources */ = {isa = PBXBuildFile; fileRef = 4265A2FA193A9A02005C6763 /* icon-40@2x.png */; };
		4265A2FE193A9A02005C6763 /* icon-60@2x.png in Resources */ = {isa = PBXBuildFile; fileRef = 4265A2FB193A9A02005C6763 /* icon-60@2x.png */; };
		4265A2FF193A9A02005C6763 /* icon29@2x.png in Resources */ = {isa = PBXBuildFile; fileRef = 4265A2FC193A9A02005C6763 /* icon29@2x.png */; };
		4265A302193A9CEA005C6763 /* detailViewController.m in Sources */ = {isa = PBXBuildFile; fileRef = 4265A301193A9CEA005C6763 /* detailViewController.m */; };
		4265A304193B0218005C6763 /* borat.png in Resources */ = {isa = PBXBuildFile; fileRef = 4265A303193B0218005C6763 /* borat.png */; };
		42BC45FC193A604E00F28750 /* Foundation.framework in Frameworks */ = {isa = PBXBuildFile; fileRef = 42BC45FB193A604E00F28750 /* Foundation.framework */; };
		42BC45FE193A604E00F28750 /* CoreGraphics.framework in Frameworks */ = {isa = PBXBuildFile; fileRef = 42BC45FD193A604E00F28750 /* CoreGraphics.framework */; };
		42BC4600193A604E00F28750 /* UIKit.framework in Frameworks */ = {isa = PBXBuildFile; fileRef = 42BC45FF193A604E00F28750 /* UIKit.framework */; };
		42BC4606193A604E00F28750 /* InfoPlist.strings in Resources */ = {isa = PBXBuildFile; fileRef = 42BC4604193A604E00F28750 /* InfoPlist.strings */; };
		42BC4608193A604E00F28750 /* main.m in Sources */ = {isa = PBXBuildFile; fileRef = 42BC4607193A604E00F28750 /* main.m */; };
		42BC460C193A604E00F28750 /* AppDelegate.m in Sources */ = {isa = PBXBuildFile; fileRef = 42BC460B193A604E00F28750 /* AppDelegate.m */; };
		42BC460F193A604E00F28750 /* Main.storyboard in Resources */ = {isa = PBXBuildFile; fileRef = 42BC460D193A604E00F28750 /* Main.storyboard */; };
		42BC4612193A604E00F28750 /* ViewController.m in Sources */ = {isa = PBXBuildFile; fileRef = 42BC4611193A604E00F28750 /* ViewController.m */; };
		42BC4614193A604E00F28750 /* Images.xcassets in Resources */ = {isa = PBXBuildFile; fileRef = 42BC4613193A604E00F28750 /* Images.xcassets */; };
		42BC461B193A604E00F28750 /* XCTest.framework in Frameworks */ = {isa = PBXBuildFile; fileRef = 42BC461A193A604E00F28750 /* XCTest.framework */; };
		42BC461C193A604E00F28750 /* Foundation.framework in Frameworks */ = {isa = PBXBuildFile; fileRef = 42BC45FB193A604E00F28750 /* Foundation.framework */; };
		42BC461D193A604E00F28750 /* UIKit.framework in Frameworks */ = {isa = PBXBuildFile; fileRef = 42BC45FF193A604E00F28750 /* UIKit.framework */; };
		42BC4625193A604F00F28750 /* InfoPlist.strings in Resources */ = {isa = PBXBuildFile; fileRef = 42BC4623193A604F00F28750 /* InfoPlist.strings */; };
		42BC4627193A604F00F28750 /* sportsBuddyTests.m in Sources */ = {isa = PBXBuildFile; fileRef = 42BC4626193A604F00F28750 /* sportsBuddyTests.m */; };
		42BC4631193A607800F28750 /* Parse.framework in Frameworks */ = {isa = PBXBuildFile; fileRef = 42BC4630193A607800F28750 /* Parse.framework */; };
		42BC4633193A609D00F28750 /* SystemConfiguration.framework in Frameworks */ = {isa = PBXBuildFile; fileRef = 42BC4632193A609D00F28750 /* SystemConfiguration.framework */; };
		42BC4635193A60A800F28750 /* StoreKit.framework in Frameworks */ = {isa = PBXBuildFile; fileRef = 42BC4634193A60A800F28750 /* StoreKit.framework */; };
		42BC4637193A60B800F28750 /* Security.framework in Frameworks */ = {isa = PBXBuildFile; fileRef = 42BC4636193A60B800F28750 /* Security.framework */; };
		42BC4639193A60C500F28750 /* QuartzCore.framework in Frameworks */ = {isa = PBXBuildFile; fileRef = 42BC4638193A60C500F28750 /* QuartzCore.framework */; };
		42BC463B193A60D400F28750 /* MobileCoreServices.framework in Frameworks */ = {isa = PBXBuildFile; fileRef = 42BC463A193A60D400F28750 /* MobileCoreServices.framework */; };
		42BC463D193A60EB00F28750 /* libz.1.1.3.dylib in Frameworks */ = {isa = PBXBuildFile; fileRef = 42BC463C193A60EB00F28750 /* libz.1.1.3.dylib */; };
		42BC463F193A60FC00F28750 /* CoreLocation.framework in Frameworks */ = {isa = PBXBuildFile; fileRef = 42BC463E193A60FC00F28750 /* CoreLocation.framework */; };
		42BC4641193A610900F28750 /* MapKit.framework in Frameworks */ = {isa = PBXBuildFile; fileRef = 42BC4640193A610900F28750 /* MapKit.framework */; };
		42BC4643193A611100F28750 /* CFNetwork.framework in Frameworks */ = {isa = PBXBuildFile; fileRef = 42BC4642193A611100F28750 /* CFNetwork.framework */; };
		42BC4645193A612300F28750 /* AudioToolbox.framework in Frameworks */ = {isa = PBXBuildFile; fileRef = 42BC4644193A612300F28750 /* AudioToolbox.framework */; };
		42BC4647193A631900F28750 /* Social.framework in Frameworks */ = {isa = PBXBuildFile; fileRef = 42BC4646193A631900F28750 /* Social.framework */; };
		42BC4649193A632600F28750 /* Accounts.framework in Frameworks */ = {isa = PBXBuildFile; fileRef = 42BC4648193A632600F28750 /* Accounts.framework */; };
		42BC464D193A6F2100F28750 /* event.m in Sources */ = {isa = PBXBuildFile; fileRef = 42BC464C193A6F2100F28750 /* event.m */; };
		42BC4650193A765400F28750 /* mainTableViewCell.m in Sources */ = {isa = PBXBuildFile; fileRef = 42BC464F193A765400F28750 /* mainTableViewCell.m */; };
		42BC4653193A7B2600F28750 /* one@2x.png in Resources */ = {isa = PBXBuildFile; fileRef = 42BC4652193A7B2600F28750 /* one@2x.png */; };
		42BC4655193A827600F28750 /* ski@2x.png in Resources */ = {isa = PBXBuildFile; fileRef = 42BC4654193A827600F28750 /* ski@2x.png */; };
		664E0681C9B54D4CA7FD3CFF /* libPods.a in Frameworks */ = {isa = PBXBuildFile; fileRef = 079E7FC7850A49728C3C4426 /* libPods.a */; };
/* End PBXBuildFile section */

/* Begin PBXContainerItemProxy section */
		42BC461E193A604F00F28750 /* PBXContainerItemProxy */ = {
			isa = PBXContainerItemProxy;
			containerPortal = 42BC45F0193A604E00F28750 /* Project object */;
			proxyType = 1;
			remoteGlobalIDString = 42BC45F7193A604E00F28750;
			remoteInfo = sportsBuddy;
		};
/* End PBXContainerItemProxy section */

/* Begin PBXFileReference section */
		079E7FC7850A49728C3C4426 /* libPods.a */ = {isa = PBXFileReference; explicitFileType = archive.ar; includeInIndex = 0; path = libPods.a; sourceTree = BUILT_PRODUCTS_DIR; };
		4265A2FA193A9A02005C6763 /* icon-40@2x.png */ = {isa = PBXFileReference; lastKnownFileType = image.png; path = "icon-40@2x.png"; sourceTree = "<group>"; };
		4265A2FB193A9A02005C6763 /* icon-60@2x.png */ = {isa = PBXFileReference; lastKnownFileType = image.png; path = "icon-60@2x.png"; sourceTree = "<group>"; };
		4265A2FC193A9A02005C6763 /* icon29@2x.png */ = {isa = PBXFileReference; lastKnownFileType = image.png; path = "icon29@2x.png"; sourceTree = "<group>"; };
		4265A300193A9CEA005C6763 /* detailViewController.h */ = {isa = PBXFileReference; fileEncoding = 4; lastKnownFileType = sourcecode.c.h; path = detailViewController.h; sourceTree = "<group>"; };
		4265A301193A9CEA005C6763 /* detailViewController.m */ = {isa = PBXFileReference; fileEncoding = 4; lastKnownFileType = sourcecode.c.objc; path = detailViewController.m; sourceTree = "<group>"; };
		4265A303193B0218005C6763 /* borat.png */ = {isa = PBXFileReference; lastKnownFileType = image.png; path = borat.png; sourceTree = "<group>"; };
		42BC45F8193A604E00F28750 /* sportsBuddy.app */ = {isa = PBXFileReference; explicitFileType = wrapper.application; includeInIndex = 0; path = sportsBuddy.app; sourceTree = BUILT_PRODUCTS_DIR; };
		42BC45FB193A604E00F28750 /* Foundation.framework */ = {isa = PBXFileReference; lastKnownFileType = wrapper.framework; name = Foundation.framework; path = System/Library/Frameworks/Foundation.framework; sourceTree = SDKROOT; };
		42BC45FD193A604E00F28750 /* CoreGraphics.framework */ = {isa = PBXFileReference; lastKnownFileType = wrapper.framework; name = CoreGraphics.framework; path = System/Library/Frameworks/CoreGraphics.framework; sourceTree = SDKROOT; };
		42BC45FF193A604E00F28750 /* UIKit.framework */ = {isa = PBXFileReference; lastKnownFileType = wrapper.framework; name = UIKit.framework; path = System/Library/Frameworks/UIKit.framework; sourceTree = SDKROOT; };
		42BC4603193A604E00F28750 /* sportsBuddy-Info.plist */ = {isa = PBXFileReference; lastKnownFileType = text.plist.xml; path = "sportsBuddy-Info.plist"; sourceTree = "<group>"; };
		42BC4605193A604E00F28750 /* en */ = {isa = PBXFileReference; lastKnownFileType = text.plist.strings; name = en; path = en.lproj/InfoPlist.strings; sourceTree = "<group>"; };
		42BC4607193A604E00F28750 /* main.m */ = {isa = PBXFileReference; lastKnownFileType = sourcecode.c.objc; path = main.m; sourceTree = "<group>"; };
		42BC4609193A604E00F28750 /* sportsBuddy-Prefix.pch */ = {isa = PBXFileReference; lastKnownFileType = sourcecode.c.h; path = "sportsBuddy-Prefix.pch"; sourceTree = "<group>"; };
		42BC460A193A604E00F28750 /* AppDelegate.h */ = {isa = PBXFileReference; lastKnownFileType = sourcecode.c.h; path = AppDelegate.h; sourceTree = "<group>"; };
		42BC460B193A604E00F28750 /* AppDelegate.m */ = {isa = PBXFileReference; lastKnownFileType = sourcecode.c.objc; path = AppDelegate.m; sourceTree = "<group>"; };
		42BC460E193A604E00F28750 /* Base */ = {isa = PBXFileReference; lastKnownFileType = file.storyboard; name = Base; path = Base.lproj/Main.storyboard; sourceTree = "<group>"; };
		42BC4610193A604E00F28750 /* ViewController.h */ = {isa = PBXFileReference; lastKnownFileType = sourcecode.c.h; path = ViewController.h; sourceTree = "<group>"; };
		42BC4611193A604E00F28750 /* ViewController.m */ = {isa = PBXFileReference; lastKnownFileType = sourcecode.c.objc; path = ViewController.m; sourceTree = "<group>"; };
		42BC4613193A604E00F28750 /* Images.xcassets */ = {isa = PBXFileReference; lastKnownFileType = folder.assetcatalog; path = Images.xcassets; sourceTree = "<group>"; };
		42BC4619193A604E00F28750 /* sportsBuddyTests.xctest */ = {isa = PBXFileReference; explicitFileType = wrapper.cfbundle; includeInIndex = 0; path = sportsBuddyTests.xctest; sourceTree = BUILT_PRODUCTS_DIR; };
		42BC461A193A604E00F28750 /* XCTest.framework */ = {isa = PBXFileReference; lastKnownFileType = wrapper.framework; name = XCTest.framework; path = Library/Frameworks/XCTest.framework; sourceTree = DEVELOPER_DIR; };
		42BC4622193A604F00F28750 /* sportsBuddyTests-Info.plist */ = {isa = PBXFileReference; lastKnownFileType = text.plist.xml; path = "sportsBuddyTests-Info.plist"; sourceTree = "<group>"; };
		42BC4624193A604F00F28750 /* en */ = {isa = PBXFileReference; lastKnownFileType = text.plist.strings; name = en; path = en.lproj/InfoPlist.strings; sourceTree = "<group>"; };
		42BC4626193A604F00F28750 /* sportsBuddyTests.m */ = {isa = PBXFileReference; lastKnownFileType = sourcecode.c.objc; path = sportsBuddyTests.m; sourceTree = "<group>"; };
		42BC4630193A607800F28750 /* Parse.framework */ = {isa = PBXFileReference; lastKnownFileType = wrapper.framework; path = Parse.framework; sourceTree = "<group>"; };
		42BC4632193A609D00F28750 /* SystemConfiguration.framework */ = {isa = PBXFileReference; lastKnownFileType = wrapper.framework; name = SystemConfiguration.framework; path = System/Library/Frameworks/SystemConfiguration.framework; sourceTree = SDKROOT; };
		42BC4634193A60A800F28750 /* StoreKit.framework */ = {isa = PBXFileReference; lastKnownFileType = wrapper.framework; name = StoreKit.framework; path = System/Library/Frameworks/StoreKit.framework; sourceTree = SDKROOT; };
		42BC4636193A60B800F28750 /* Security.framework */ = {isa = PBXFileReference; lastKnownFileType = wrapper.framework; name = Security.framework; path = System/Library/Frameworks/Security.framework; sourceTree = SDKROOT; };
		42BC4638193A60C500F28750 /* QuartzCore.framework */ = {isa = PBXFileReference; lastKnownFileType = wrapper.framework; name = QuartzCore.framework; path = System/Library/Frameworks/QuartzCore.framework; sourceTree = SDKROOT; };
		42BC463A193A60D400F28750 /* MobileCoreServices.framework */ = {isa = PBXFileReference; lastKnownFileType = wrapper.framework; name = MobileCoreServices.framework; path = System/Library/Frameworks/MobileCoreServices.framework; sourceTree = SDKROOT; };
		42BC463C193A60EB00F28750 /* libz.1.1.3.dylib */ = {isa = PBXFileReference; lastKnownFileType = "compiled.mach-o.dylib"; name = libz.1.1.3.dylib; path = usr/lib/libz.1.1.3.dylib; sourceTree = SDKROOT; };
		42BC463E193A60FC00F28750 /* CoreLocation.framework */ = {isa = PBXFileReference; lastKnownFileType = wrapper.framework; name = CoreLocation.framework; path = System/Library/Frameworks/CoreLocation.framework; sourceTree = SDKROOT; };
		42BC4640193A610900F28750 /* MapKit.framework */ = {isa = PBXFileReference; lastKnownFileType = wrapper.framework; name = MapKit.framework; path = System/Library/Frameworks/MapKit.framework; sourceTree = SDKROOT; };
		42BC4642193A611100F28750 /* CFNetwork.framework */ = {isa = PBXFileReference; lastKnownFileType = wrapper.framework; name = CFNetwork.framework; path = System/Library/Frameworks/CFNetwork.framework; sourceTree = SDKROOT; };
		42BC4644193A612300F28750 /* AudioToolbox.framework */ = {isa = PBXFileReference; lastKnownFileType = wrapper.framework; name = AudioToolbox.framework; path = System/Library/Frameworks/AudioToolbox.framework; sourceTree = SDKROOT; };
		42BC4646193A631900F28750 /* Social.framework */ = {isa = PBXFileReference; lastKnownFileType = wrapper.framework; name = Social.framework; path = System/Library/Frameworks/Social.framework; sourceTree = SDKROOT; };
		42BC4648193A632600F28750 /* Accounts.framework */ = {isa = PBXFileReference; lastKnownFileType = wrapper.framework; name = Accounts.framework; path = System/Library/Frameworks/Accounts.framework; sourceTree = SDKROOT; };
		42BC464B193A6F2100F28750 /* event.h */ = {isa = PBXFileReference; fileEncoding = 4; lastKnownFileType = sourcecode.c.h; path = event.h; sourceTree = "<group>"; };
		42BC464C193A6F2100F28750 /* event.m */ = {isa = PBXFileReference; fileEncoding = 4; lastKnownFileType = sourcecode.c.objc; path = event.m; sourceTree = "<group>"; };
		42BC464E193A765400F28750 /* mainTableViewCell.h */ = {isa = PBXFileReference; fileEncoding = 4; lastKnownFileType = sourcecode.c.h; path = mainTableViewCell.h; sourceTree = "<group>"; };
		42BC464F193A765400F28750 /* mainTableViewCell.m */ = {isa = PBXFileReference; fileEncoding = 4; lastKnownFileType = sourcecode.c.objc; path = mainTableViewCell.m; sourceTree = "<group>"; };
		42BC4652193A7B2600F28750 /* one@2x.png */ = {isa = PBXFileReference; lastKnownFileType = image.png; path = "one@2x.png"; sourceTree = "<group>"; };
		42BC4654193A827600F28750 /* ski@2x.png */ = {isa = PBXFileReference; lastKnownFileType = image.png; path = "ski@2x.png"; sourceTree = "<group>"; };
		661521BB79034E818E544CB9 /* Pods.xcconfig */ = {isa = PBXFileReference; includeInIndex = 1; lastKnownFileType = text.xcconfig; name = Pods.xcconfig; path = Pods/Pods.xcconfig; sourceTree = "<group>"; };
/* End PBXFileReference section */

/* Begin PBXFrameworksBuildPhase section */
		42BC45F5193A604E00F28750 /* Frameworks */ = {
			isa = PBXFrameworksBuildPhase;
			buildActionMask = 2147483647;
			files = (
				42BC4649193A632600F28750 /* Accounts.framework in Frameworks */,
				42BC4647193A631900F28750 /* Social.framework in Frameworks */,
				42BC4645193A612300F28750 /* AudioToolbox.framework in Frameworks */,
				42BC4643193A611100F28750 /* CFNetwork.framework in Frameworks */,
				42BC4641193A610900F28750 /* MapKit.framework in Frameworks */,
				42BC463F193A60FC00F28750 /* CoreLocation.framework in Frameworks */,
				42BC463D193A60EB00F28750 /* libz.1.1.3.dylib in Frameworks */,
				42BC463B193A60D400F28750 /* MobileCoreServices.framework in Frameworks */,
				42BC4639193A60C500F28750 /* QuartzCore.framework in Frameworks */,
				42BC4637193A60B800F28750 /* Security.framework in Frameworks */,
				42BC4635193A60A800F28750 /* StoreKit.framework in Frameworks */,
				42BC4633193A609D00F28750 /* SystemConfiguration.framework in Frameworks */,
				42BC45FE193A604E00F28750 /* CoreGraphics.framework in Frameworks */,
				42BC4600193A604E00F28750 /* UIKit.framework in Frameworks */,
				42BC4631193A607800F28750 /* Parse.framework in Frameworks */,
				42BC45FC193A604E00F28750 /* Foundation.framework in Frameworks */,
				664E0681C9B54D4CA7FD3CFF /* libPods.a in Frameworks */,
			);
			runOnlyForDeploymentPostprocessing = 0;
		};
		42BC4616193A604E00F28750 /* Frameworks */ = {
			isa = PBXFrameworksBuildPhase;
			buildActionMask = 2147483647;
			files = (
				42BC461B193A604E00F28750 /* XCTest.framework in Frameworks */,
				42BC461D193A604E00F28750 /* UIKit.framework in Frameworks */,
				42BC461C193A604E00F28750 /* Foundation.framework in Frameworks */,
			);
			runOnlyForDeploymentPostprocessing = 0;
		};
/* End PBXFrameworksBuildPhase section */

/* Begin PBXGroup section */
		42BC45EF193A604E00F28750 = {
			isa = PBXGroup;
			children = (
				42BC4601193A604E00F28750 /* sportsBuddy */,
				42BC4620193A604F00F28750 /* sportsBuddyTests */,
				42BC45FA193A604E00F28750 /* Frameworks */,
				42BC45F9193A604E00F28750 /* Products */,
				661521BB79034E818E544CB9 /* Pods.xcconfig */,
			);
			sourceTree = "<group>";
		};
		42BC45F9193A604E00F28750 /* Products */ = {
			isa = PBXGroup;
			children = (
				42BC45F8193A604E00F28750 /* sportsBuddy.app */,
				42BC4619193A604E00F28750 /* sportsBuddyTests.xctest */,
			);
			name = Products;
			sourceTree = "<group>";
		};
		42BC45FA193A604E00F28750 /* Frameworks */ = {
			isa = PBXGroup;
			children = (
				42BC4648193A632600F28750 /* Accounts.framework */,
				42BC4646193A631900F28750 /* Social.framework */,
				42BC4644193A612300F28750 /* AudioToolbox.framework */,
				42BC4642193A611100F28750 /* CFNetwork.framework */,
				42BC4640193A610900F28750 /* MapKit.framework */,
				42BC463E193A60FC00F28750 /* CoreLocation.framework */,
				42BC463C193A60EB00F28750 /* libz.1.1.3.dylib */,
				42BC463A193A60D400F28750 /* MobileCoreServices.framework */,
				42BC4638193A60C500F28750 /* QuartzCore.framework */,
				42BC4636193A60B800F28750 /* Security.framework */,
				42BC4634193A60A800F28750 /* StoreKit.framework */,
				42BC4632193A609D00F28750 /* SystemConfiguration.framework */,
				42BC45FB193A604E00F28750 /* Foundation.framework */,
				42BC45FD193A604E00F28750 /* CoreGraphics.framework */,
				42BC45FF193A604E00F28750 /* UIKit.framework */,
				42BC461A193A604E00F28750 /* XCTest.framework */,
				079E7FC7850A49728C3C4426 /* libPods.a */,
			);
			name = Frameworks;
			sourceTree = "<group>";
		};
		42BC4601193A604E00F28750 /* sportsBuddy */ = {
			isa = PBXGroup;
			children = (
				42BC4651193A7B2600F28750 /* assets */,
				42BC464A193A6EF800F28750 /* objects */,
				42BC4630193A607800F28750 /* Parse.framework */,
				42BC460A193A604E00F28750 /* AppDelegate.h */,
				42BC460B193A604E00F28750 /* AppDelegate.m */,
				42BC460D193A604E00F28750 /* Main.storyboard */,
				42BC4610193A604E00F28750 /* ViewController.h */,
				42BC4611193A604E00F28750 /* ViewController.m */,
				42BC4613193A604E00F28750 /* Images.xcassets */,
				42BC4602193A604E00F28750 /* Supporting Files */,
				4265A300193A9CEA005C6763 /* detailViewController.h */,
				4265A301193A9CEA005C6763 /* detailViewController.m */,
			);
			path = sportsBuddy;
			sourceTree = "<group>";
		};
		42BC4602193A604E00F28750 /* Supporting Files */ = {
			isa = PBXGroup;
			children = (
				42BC4603193A604E00F28750 /* sportsBuddy-Info.plist */,
				42BC4604193A604E00F28750 /* InfoPlist.strings */,
				42BC4607193A604E00F28750 /* main.m */,
				42BC4609193A604E00F28750 /* sportsBuddy-Prefix.pch */,
			);
			name = "Supporting Files";
			sourceTree = "<group>";
		};
		42BC4620193A604F00F28750 /* sportsBuddyTests */ = {
			isa = PBXGroup;
			children = (
				42BC4626193A604F00F28750 /* sportsBuddyTests.m */,
				42BC4621193A604F00F28750 /* Supporting Files */,
			);
			path = sportsBuddyTests;
			sourceTree = "<group>";
		};
		42BC4621193A604F00F28750 /* Supporting Files */ = {
			isa = PBXGroup;
			children = (
				42BC4622193A604F00F28750 /* sportsBuddyTests-Info.plist */,
				42BC4623193A604F00F28750 /* InfoPlist.strings */,
			);
			name = "Supporting Files";
			sourceTree = "<group>";
		};
		42BC464A193A6EF800F28750 /* objects */ = {
			isa = PBXGroup;
			children = (
				42BC464B193A6F2100F28750 /* event.h */,
				42BC464C193A6F2100F28750 /* event.m */,
				42BC464E193A765400F28750 /* mainTableViewCell.h */,
				42BC464F193A765400F28750 /* mainTableViewCell.m */,
			);
			path = objects;
			sourceTree = "<group>";
		};
		42BC4651193A7B2600F28750 /* assets */ = {
			isa = PBXGroup;
			children = (
				4265A303193B0218005C6763 /* borat.png */,
				4265A2FA193A9A02005C6763 /* icon-40@2x.png */,
				4265A2FB193A9A02005C6763 /* icon-60@2x.png */,
				4265A2FC193A9A02005C6763 /* icon29@2x.png */,
				42BC4654193A827600F28750 /* ski@2x.png */,
				42BC4652193A7B2600F28750 /* one@2x.png */,
			);
			path = assets;
			sourceTree = "<group>";
		};
/* End PBXGroup section */

/* Begin PBXNativeTarget section */
		42BC45F7193A604E00F28750 /* sportsBuddy */ = {
			isa = PBXNativeTarget;
			buildConfigurationList = 42BC462A193A604F00F28750 /* Build configuration list for PBXNativeTarget "sportsBuddy" */;
			buildPhases = (
				1487AAABEF974786A144EE0B /* Check Pods Manifest.lock */,
				42BC45F4193A604E00F28750 /* Sources */,
				42BC45F5193A604E00F28750 /* Frameworks */,
				42BC45F6193A604E00F28750 /* Resources */,
				87F0C5D99F004484A4918D36 /* Copy Pods Resources */,
			);
			buildRules = (
			);
			dependencies = (
			);
			name = sportsBuddy;
			productName = sportsBuddy;
			productReference = 42BC45F8193A604E00F28750 /* sportsBuddy.app */;
			productType = "com.apple.product-type.application";
		};
		42BC4618193A604E00F28750 /* sportsBuddyTests */ = {
			isa = PBXNativeTarget;
			buildConfigurationList = 42BC462D193A604F00F28750 /* Build configuration list for PBXNativeTarget "sportsBuddyTests" */;
			buildPhases = (
				42BC4615193A604E00F28750 /* Sources */,
				42BC4616193A604E00F28750 /* Frameworks */,
				42BC4617193A604E00F28750 /* Resources */,
			);
			buildRules = (
			);
			dependencies = (
				42BC461F193A604F00F28750 /* PBXTargetDependency */,
			);
			name = sportsBuddyTests;
			productName = sportsBuddyTests;
			productReference = 42BC4619193A604E00F28750 /* sportsBuddyTests.xctest */;
			productType = "com.apple.product-type.bundle.unit-test";
		};
/* End PBXNativeTarget section */

/* Begin PBXProject section */
		42BC45F0193A604E00F28750 /* Project object */ = {
			isa = PBXProject;
			attributes = {
				LastUpgradeCheck = 0510;
				ORGANIZATIONNAME = mattsApps;
				TargetAttributes = {
					42BC45F7193A604E00F28750 = {
						DevelopmentTeam = 69YZANMQJR;
					};
					42BC4618193A604E00F28750 = {
						TestTargetID = 42BC45F7193A604E00F28750;
					};
				};
			};
			buildConfigurationList = 42BC45F3193A604E00F28750 /* Build configuration list for PBXProject "sportsBuddy" */;
			compatibilityVersion = "Xcode 3.2";
			developmentRegion = English;
			hasScannedForEncodings = 0;
			knownRegions = (
				en,
				Base,
			);
			mainGroup = 42BC45EF193A604E00F28750;
			productRefGroup = 42BC45F9193A604E00F28750 /* Products */;
			projectDirPath = "";
			projectRoot = "";
			targets = (
				42BC45F7193A604E00F28750 /* sportsBuddy */,
				42BC4618193A604E00F28750 /* sportsBuddyTests */,
			);
		};
/* End PBXProject section */

/* Begin PBXResourcesBuildPhase section */
		42BC45F6193A604E00F28750 /* Resources */ = {
			isa = PBXResourcesBuildPhase;
			buildActionMask = 2147483647;
			files = (
				42BC4614193A604E00F28750 /* Images.xcassets in Resources */,
				42BC4655193A827600F28750 /* ski@2x.png in Resources */,
				4265A304193B0218005C6763 /* borat.png in Resources */,
				4265A2FE193A9A02005C6763 /* icon-60@2x.png in Resources */,
				42BC4653193A7B2600F28750 /* one@2x.png in Resources */,
				42BC4606193A604E00F28750 /* InfoPlist.strings in Resources */,
				42BC460F193A604E00F28750 /* Main.storyboard in Resources */,
				4265A2FF193A9A02005C6763 /* icon29@2x.png in Resources */,
				4265A2FD193A9A02005C6763 /* icon-40@2x.png in Resources */,
			);
			runOnlyForDeploymentPostprocessing = 0;
		};
		42BC4617193A604E00F28750 /* Resources */ = {
			isa = PBXResourcesBuildPhase;
			buildActionMask = 2147483647;
			files = (
				42BC4625193A604F00F28750 /* InfoPlist.strings in Resources */,
			);
			runOnlyForDeploymentPostprocessing = 0;
		};
/* End PBXResourcesBuildPhase section */

/* Begin PBXShellScriptBuildPhase section */
		1487AAABEF974786A144EE0B /* Check Pods Manifest.lock */ = {
			isa = PBXShellScriptBuildPhase;
			buildActionMask = 2147483647;
			files = (
			);
			inputPaths = (
			);
			name = "Check Pods Manifest.lock";
			outputPaths = (
			);
			runOnlyForDeploymentPostprocessing = 0;
			shellPath = /bin/sh;
			shellScript = "diff \"${PODS_ROOT}/../Podfile.lock\" \"${PODS_ROOT}/Manifest.lock\" > /dev/null\nif [[ $? != 0 ]] ; then\n    cat << EOM\nerror: The sandbox is not in sync with the Podfile.lock. Run 'pod install' or update your CocoaPods installation.\nEOM\n    exit 1\nfi\n";
			showEnvVarsInLog = 0;
		};
		87F0C5D99F004484A4918D36 /* Copy Pods Resources */ = {
			isa = PBXShellScriptBuildPhase;
			buildActionMask = 2147483647;
			files = (
			);
			inputPaths = (
			);
			name = "Copy Pods Resources";
			outputPaths = (
			);
			runOnlyForDeploymentPostprocessing = 0;
			shellPath = /bin/sh;
			shellScript = "\"${SRCROOT}/Pods/Pods-resources.sh\"\n";
			showEnvVarsInLog = 0;
		};
/* End PBXShellScriptBuildPhase section */

/* Begin PBXSourcesBuildPhase section */
		42BC45F4193A604E00F28750 /* Sources */ = {
			isa = PBXSourcesBuildPhase;
			buildActionMask = 2147483647;
			files = (
				42BC464D193A6F2100F28750 /* event.m in Sources */,
				42BC4612193A604E00F28750 /* ViewController.m in Sources */,
				42BC460C193A604E00F28750 /* AppDelegate.m in Sources */,
				42BC4608193A604E00F28750 /* main.m in Sources */,
				42BC4650193A765400F28750 /* mainTableViewCell.m in Sources */,
				4265A302193A9CEA005C6763 /* detailViewController.m in Sources */,
			);
			runOnlyForDeploymentPostprocessing = 0;
		};
		42BC4615193A604E00F28750 /* Sources */ = {
			isa = PBXSourcesBuildPhase;
			buildActionMask = 2147483647;
			files = (
				42BC4627193A604F00F28750 /* sportsBuddyTests.m in Sources */,
			);
			runOnlyForDeploymentPostprocessing = 0;
		};
/* End PBXSourcesBuildPhase section */

/* Begin PBXTargetDependency section */
		42BC461F193A604F00F28750 /* PBXTargetDependency */ = {
			isa = PBXTargetDependency;
			target = 42BC45F7193A604E00F28750 /* sportsBuddy */;
			targetProxy = 42BC461E193A604F00F28750 /* PBXContainerItemProxy */;
		};
/* End PBXTargetDependency section */

/* Begin PBXVariantGroup section */
		42BC4604193A604E00F28750 /* InfoPlist.strings */ = {
			isa = PBXVariantGroup;
			children = (
				42BC4605193A604E00F28750 /* en */,
			);
			name = InfoPlist.strings;
			sourceTree = "<group>";
		};
		42BC460D193A604E00F28750 /* Main.storyboard */ = {
			isa = PBXVariantGroup;
			children = (
				42BC460E193A604E00F28750 /* Base */,
			);
			name = Main.storyboard;
			sourceTree = "<group>";
		};
		42BC4623193A604F00F28750 /* InfoPlist.strings */ = {
			isa = PBXVariantGroup;
			children = (
				42BC4624193A604F00F28750 /* en */,
			);
			name = InfoPlist.strings;
			sourceTree = "<group>";
		};
/* End PBXVariantGroup section */

/* Begin XCBuildConfiguration section */
		42BC4628193A604F00F28750 /* Debug */ = {
			isa = XCBuildConfiguration;
			buildSettings = {
				ALWAYS_SEARCH_USER_PATHS = NO;
				CLANG_CXX_LANGUAGE_STANDARD = "gnu++0x";
				CLANG_CXX_LIBRARY = "libc++";
				CLANG_ENABLE_MODULES = YES;
				CLANG_ENABLE_OBJC_ARC = YES;
				CLANG_WARN_BOOL_CONVERSION = YES;
				CLANG_WARN_CONSTANT_CONVERSION = YES;
				CLANG_WARN_DIRECT_OBJC_ISA_USAGE = YES_ERROR;
				CLANG_WARN_EMPTY_BODY = YES;
				CLANG_WARN_ENUM_CONVERSION = YES;
				CLANG_WARN_INT_CONVERSION = YES;
				CLANG_WARN_OBJC_ROOT_CLASS = YES_ERROR;
				CLANG_WARN__DUPLICATE_METHOD_MATCH = YES;
				CODE_SIGN_IDENTITY = "iPhone Developer";
				"CODE_SIGN_IDENTITY[sdk=iphoneos*]" = "iPhone Developer";
				COPY_PHASE_STRIP = NO;
				GCC_C_LANGUAGE_STANDARD = gnu99;
				GCC_DYNAMIC_NO_PIC = NO;
				GCC_OPTIMIZATION_LEVEL = 0;
				GCC_PREPROCESSOR_DEFINITIONS = (
					"DEBUG=1",
					"$(inherited)",
				);
				GCC_SYMBOLS_PRIVATE_EXTERN = NO;
				GCC_WARN_64_TO_32_BIT_CONVERSION = YES;
				GCC_WARN_ABOUT_RETURN_TYPE = YES_ERROR;
				GCC_WARN_UNDECLARED_SELECTOR = YES;
				GCC_WARN_UNINITIALIZED_AUTOS = YES_AGGRESSIVE;
				GCC_WARN_UNUSED_FUNCTION = YES;
				GCC_WARN_UNUSED_VARIABLE = YES;
				IPHONEOS_DEPLOYMENT_TARGET = 7.1;
				ONLY_ACTIVE_ARCH = YES;
				SDKROOT = iphoneos;
			};
			name = Debug;
		};
		42BC4629193A604F00F28750 /* Release */ = {
			isa = XCBuildConfiguration;
			buildSettings = {
				ALWAYS_SEARCH_USER_PATHS = NO;
				CLANG_CXX_LANGUAGE_STANDARD = "gnu++0x";
				CLANG_CXX_LIBRARY = "libc++";
				CLANG_ENABLE_MODULES = YES;
				CLANG_ENABLE_OBJC_ARC = YES;
				CLANG_WARN_BOOL_CONVERSION = YES;
				CLANG_WARN_CONSTANT_CONVERSION = YES;
				CLANG_WARN_DIRECT_OBJC_ISA_USAGE = YES_ERROR;
				CLANG_WARN_EMPTY_BODY = YES;
				CLANG_WARN_ENUM_CONVERSION = YES;
				CLANG_WARN_INT_CONVERSION = YES;
				CLANG_WARN_OBJC_ROOT_CLASS = YES_ERROR;
				CLANG_WARN__DUPLICATE_METHOD_MATCH = YES;
				CODE_SIGN_IDENTITY = "iPhone Developer";
				"CODE_SIGN_IDENTITY[sdk=iphoneos*]" = "iPhone Developer";
				COPY_PHASE_STRIP = YES;
				ENABLE_NS_ASSERTIONS = NO;
				GCC_C_LANGUAGE_STANDARD = gnu99;
				GCC_WARN_64_TO_32_BIT_CONVERSION = YES;
				GCC_WARN_ABOUT_RETURN_TYPE = YES_ERROR;
				GCC_WARN_UNDECLARED_SELECTOR = YES;
				GCC_WARN_UNINITIALIZED_AUTOS = YES_AGGRESSIVE;
				GCC_WARN_UNUSED_FUNCTION = YES;
				GCC_WARN_UNUSED_VARIABLE = YES;
				IPHONEOS_DEPLOYMENT_TARGET = 7.1;
				SDKROOT = iphoneos;
				VALIDATE_PRODUCT = YES;
			};
			name = Release;
		};
		42BC462B193A604F00F28750 /* Debug */ = {
			isa = XCBuildConfiguration;
			baseConfigurationReference = 661521BB79034E818E544CB9 /* Pods.xcconfig */;
			buildSettings = {
				ASSETCATALOG_COMPILER_APPICON_NAME = AppIcon;
				ASSETCATALOG_COMPILER_LAUNCHIMAGE_NAME = LaunchImage;
				CODE_SIGN_IDENTITY = "iPhone Developer";
				"CODE_SIGN_IDENTITY[sdk=iphoneos*]" = "iPhone Developer";
				FRAMEWORK_SEARCH_PATHS = (
					"$(inherited)",
					"$(PROJECT_DIR)/sportsBuddy",
				);
				GCC_PRECOMPILE_PREFIX_HEADER = YES;
				GCC_PREFIX_HEADER = "sportsBuddy/sportsBuddy-Prefix.pch";
				INFOPLIST_FILE = "sportsBuddy/sportsBuddy-Info.plist";
				IPHONEOS_DEPLOYMENT_TARGET = 6.1;
				OTHER_LDFLAGS = (
					"-framework",
					QuartzCore,
				);
				PRODUCT_NAME = "$(TARGET_NAME)";
				PROVISIONING_PROFILE = "";
				WRAPPER_EXTENSION = app;
			};
			name = Debug;
		};
		42BC462C193A604F00F28750 /* Release */ = {
			isa = XCBuildConfiguration;
			baseConfigurationReference = 661521BB79034E818E544CB9 /* Pods.xcconfig */;
			buildSettings = {
				ASSETCATALOG_COMPILER_APPICON_NAME = AppIcon;
				ASSETCATALOG_COMPILER_LAUNCHIMAGE_NAME = LaunchImage;
				CODE_SIGN_IDENTITY = "iPhone Developer";
				"CODE_SIGN_IDENTITY[sdk=iphoneos*]" = "iPhone Developer";
				FRAMEWORK_SEARCH_PATHS = (
					"$(inherited)",
					"$(PROJECT_DIR)/sportsBuddy",
				);
				GCC_PRECOMPILE_PREFIX_HEADER = YES;
				GCC_PREFIX_HEADER = "sportsBuddy/sportsBuddy-Prefix.pch";
				INFOPLIST_FILE = "sportsBuddy/sportsBuddy-Info.plist";
				IPHONEOS_DEPLOYMENT_TARGET = 6.1;
				OTHER_LDFLAGS = (
					"-framework",
					QuartzCore,
				);
				PRODUCT_NAME = "$(TARGET_NAME)";
				PROVISIONING_PROFILE = "";
				WRAPPER_EXTENSION = app;
			};
			name = Release;
		};
		42BC462E193A604F00F28750 /* Debug */ = {
			isa = XCBuildConfiguration;
			buildSettings = {
				BUNDLE_LOADER = "$(BUILT_PRODUCTS_DIR)/sportsBuddy.app/sportsBuddy";
				FRAMEWORK_SEARCH_PATHS = (
					"$(SDKROOT)/Developer/Library/Frameworks",
					"$(inherited)",
					"$(DEVELOPER_FRAMEWORKS_DIR)",
				);
				GCC_PRECOMPILE_PREFIX_HEADER = YES;
				GCC_PREFIX_HEADER = "sportsBuddy/sportsBuddy-Prefix.pch";
				GCC_PREPROCESSOR_DEFINITIONS = (
					"DEBUG=1",
					"$(inherited)",
				);
				INFOPLIST_FILE = "sportsBuddyTests/sportsBuddyTests-Info.plist";
				PRODUCT_NAME = "$(TARGET_NAME)";
				TEST_HOST = "$(BUNDLE_LOADER)";
				WRAPPER_EXTENSION = xctest;
			};
			name = Debug;
		};
		42BC462F193A604F00F28750 /* Release */ = {
			isa = XCBuildConfiguration;
			buildSettings = {
				BUNDLE_LOADER = "$(BUILT_PRODUCTS_DIR)/sportsBuddy.app/sportsBuddy";
				FRAMEWORK_SEARCH_PATHS = (
					"$(SDKROOT)/Developer/Library/Frameworks",
					"$(inherited)",
					"$(DEVELOPER_FRAMEWORKS_DIR)",
				);
				GCC_PRECOMPILE_PREFIX_HEADER = YES;
				GCC_PREFIX_HEADER = "sportsBuddy/sportsBuddy-Prefix.pch";
				INFOPLIST_FILE = "sportsBuddyTests/sportsBuddyTests-Info.plist";
				PRODUCT_NAME = "$(TARGET_NAME)";
				TEST_HOST = "$(BUNDLE_LOADER)";
				WRAPPER_EXTENSION = xctest;
			};
			name = Release;
		};
/* End XCBuildConfiguration section */

/* Begin XCConfigurationList section */
		42BC45F3193A604E00F28750 /* Build configuration list for PBXProject "sportsBuddy" */ = {
			isa = XCConfigurationList;
			buildConfigurations = (
				42BC4628193A604F00F28750 /* Debug */,
				42BC4629193A604F00F28750 /* Release */,
			);
			defaultConfigurationIsVisible = 0;
			defaultConfigurationName = Release;
		};
		42BC462A193A604F00F28750 /* Build configuration list for PBXNativeTarget "sportsBuddy" */ = {
			isa = XCConfigurationList;
			buildConfigurations = (
				42BC462B193A604F00F28750 /* Debug */,
				42BC462C193A604F00F28750 /* Release */,
			);
			defaultConfigurationIsVisible = 0;
			defaultConfigurationName = Release;
		};
		42BC462D193A604F00F28750 /* Build configuration list for PBXNativeTarget "sportsBuddyTests" */ = {
			isa = XCConfigurationList;
			buildConfigurations = (
				42BC462E193A604F00F28750 /* Debug */,
				42BC462F193A604F00F28750 /* Release */,
			);
			defaultConfigurationIsVisible = 0;
			defaultConfigurationName = Release;
		};
/* End XCConfigurationList section */
	};
	rootObject = 42BC45F0193A604E00F28750 /* Project object */;
}
