// !$*UTF8*$!
{
	archiveVersion = 1;
	classes = {
	};
	objectVersion = 46;
	objects = {

/* Begin PBXBuildFile section */
		42BC45FC193A604E00F28750 /* Foundation.framework in Frameworks */ = {isa = PBXBuildFile; fileRef = 42BC45FB193A604E00F28750 /* Foundation.framework */; };
		42BC45FE193A604E00F28750 /* CoreGraphics.framework in Frameworks */ = {isa = PBXBuildFile; fileRef = 42BC45FD193A604E00F28750 /* CoreGraphics.framework */; };
		42BC4600193A604E00F28750 /* UIKit.framework in Frameworks */ = {isa = PBXBuildFile; fileRef = 42BC45FF193A604E00F28750 /* UIKit.framework */; };
		42BC4606193A604E00F28750 /* InfoPlist.strings in Resources */ = {isa = PBXBuildFile; fileRef = 42BC4604193A604E00F28750 /* InfoPlist.strings */; };
		42BC4608193A604E00F28750 /* main.m in Sources */ = {isa = PBXBuildFile; fileRef = 42BC4607193A604E00F28750 /* main.m */; };
		42BC460C193A604E00F28750 /* AppDelegate.m in Sources */ = {isa = PBXBuildFile; fileRef = 42BC460B193A604E00F28750 /* AppDelegate.m */; };
		42BC460F193A604E00F28750 /* Main.storyboard in Resources */ = {isa = PBXBuildFile; fileRef = 42BC460D193A604E00F28750 /* Main.storyboard */; };
		42BC4612193A604E00F28750 /* ViewController.m in Sources */ = {isa = PBXBuildFile; fileRef = 42BC4611193A604E00F28750 /* ViewController.m */; };
		42BC4614193A604E00F28750 /* Images.xcassets in Resources */ = {isa = PBXBuildFile; fileRef = 42BC4613193A604E00F28750 /* Images.xcassets */; };
		42BC461B193A604E00F28750 /* XCTest.framework in Frameworks */ = {isa = PBXBuildFile; fileRef = 42BC461A193A604E00F28750 /* XCTest.framework */; };
		42BC461C193A604E00F28750 /* Foundation.framework in Frameworks */ = {isa = PBXBuildFile; fileRef = 42BC45FB193A604E00F28750 /* Foundation.framework */; };
		42BC461D193A604E00F28750 /* UIKit.framework in Frameworks */ = {isa = PBXBuildFile; fileRef = 42BC45FF193A604E00F28750 /* UIKit.framework */; };
		42BC4625193A604F00F28750 /* InfoPlist.strings in Resources */ = {isa = PBXBuildFile; fileRef = 42BC4623193A604F00F28750 /* InfoPlist.strings */; };
		42BC4627193A604F00F28750 /* sportsBuddyTests.m in Sources */ = {isa = PBXBuildFile; fileRef = 42BC4626193A604F00F28750 /* sportsBuddyTests.m */; };
/* End PBXBuildFile section */

/* Begin PBXContainerItemProxy section */
		42BC461E193A604F00F28750 /* PBXContainerItemProxy */ = {
			isa = PBXContainerItemProxy;
			containerPortal = 42BC45F0193A604E00F28750 /* Project object */;
			proxyType = 1;
			remoteGlobalIDString = 42BC45F7193A604E00F28750;
			remoteInfo = sportsBuddy;
		};
/* End PBXContainerItemProxy section */

/* Begin PBXFileReference section */
		42BC45F8193A604E00F28750 /* sportsBuddy.app */ = {isa = PBXFileReference; explicitFileType = wrapper.application; includeInIndex = 0; path = sportsBuddy.app; sourceTree = BUILT_PRODUCTS_DIR; };
		42BC45FB193A604E00F28750 /* Foundation.framework */ = {isa = PBXFileReference; lastKnownFileType = wrapper.framework; name = Foundation.framework; path = System/Library/Frameworks/Foundation.framework; sourceTree = SDKROOT; };
		42BC45FD193A604E00F28750 /* CoreGraphics.framework */ = {isa = PBXFileReference; lastKnownFileType = wrapper.framework; name = CoreGraphics.framework; path = System/Library/Frameworks/CoreGraphics.framework; sourceTree = SDKROOT; };
		42BC45FF193A604E00F28750 /* UIKit.framework */ = {isa = PBXFileReference; lastKnownFileType = wrapper.framework; name = UIKit.framework; path = System/Library/Frameworks/UIKit.framework; sourceTree = SDKROOT; };
		42BC4603193A604E00F28750 /* sportsBuddy-Info.plist */ = {isa = PBXFileReference; lastKnownFileType = text.plist.xml; path = "sportsBuddy-Info.plist"; sourceTree = "<group>"; };
		42BC4605193A604E00F28750 /* en */ = {isa = PBXFileReference; lastKnownFileType = text.plist.strings; name = en; path = en.lproj/InfoPlist.strings; sourceTree = "<group>"; };
		42BC4607193A604E00F28750 /* main.m */ = {isa = PBXFileReference; lastKnownFileType = sourcecode.c.objc; path = main.m; sourceTree = "<group>"; };
		42BC4609193A604E00F28750 /* sportsBuddy-Prefix.pch */ = {isa = PBXFileReference; lastKnownFileType = sourcecode.c.h; path = "sportsBuddy-Prefix.pch"; sourceTree = "<group>"; };
		42BC460A193A604E00F28750 /* AppDelegate.h */ = {isa = PBXFileReference; lastKnownFileType = sourcecode.c.h; path = AppDelegate.h; sourceTree = "<group>"; };
		42BC460B193A604E00F28750 /* AppDelegate.m */ = {isa = PBXFileReference; lastKnownFileType = sourcecode.c.objc; path = AppDelegate.m; sourceTree = "<group>"; };
		42BC460E193A604E00F28750 /* Base */ = {isa = PBXFileReference; lastKnownFileType = file.storyboard; name = Base; path = Base.lproj/Main.storyboard; sourceTree = "<group>"; };
		42BC4610193A604E00F28750 /* ViewController.h */ = {isa = PBXFileReference; lastKnownFileType = sourcecode.c.h; path = ViewController.h; sourceTree = "<group>"; };
		42BC4611193A604E00F28750 /* ViewController.m */ = {isa = PBXFileReference; lastKnownFileType = sourcecode.c.objc; path = ViewController.m; sourceTree = "<group>"; };
		42BC4613193A604E00F28750 /* Images.xcassets */ = {isa = PBXFileReference; lastKnownFileType = folder.assetcatalog; path = Images.xcassets; sourceTree = "<group>"; };
		42BC4619193A604E00F28750 /* sportsBuddyTests.xctest */ = {isa = PBXFileReference; explicitFileType = wrapper.cfbundle; includeInIndex = 0; path = sportsBuddyTests.xctest; sourceTree = BUILT_PRODUCTS_DIR; };
		42BC461A193A604E00F28750 /* XCTest.framework */ = {isa = PBXFileReference; lastKnownFileType = wrapper.framework; name = XCTest.framework; path = Library/Frameworks/XCTest.framework; sourceTree = DEVELOPER_DIR; };
		42BC4622193A604F00F28750 /* sportsBuddyTests-Info.plist */ = {isa = PBXFileReference; lastKnownFileType = text.plist.xml; path = "sportsBuddyTests-Info.plist"; sourceTree = "<group>"; };
		42BC4624193A604F00F28750 /* en */ = {isa = PBXFileReference; lastKnownFileType = text.plist.strings; name = en; path = en.lproj/InfoPlist.strings; sourceTree = "<group>"; };
		42BC4626193A604F00F28750 /* sportsBuddyTests.m */ = {isa = PBXFileReference; lastKnownFileType = sourcecode.c.objc; path = sportsBuddyTests.m; sourceTree = "<group>"; };
/* End PBXFileReference section */

/* Begin PBXFrameworksBuildPhase section */
		42BC45F5193A604E00F28750 /* Frameworks */ = {
			isa = PBXFrameworksBuildPhase;
			buildActionMask = 2147483647;
			files = (
				42BC45FE193A604E00F28750 /* CoreGraphics.framework in Frameworks */,
				42BC4600193A604E00F28750 /* UIKit.framework in Frameworks */,
				42BC45FC193A604E00F28750 /* Foundation.framework in Frameworks */,
			);
			runOnlyForDeploymentPostprocessing = 0;
		};
		42BC4616193A604E00F28750 /* Frameworks */ = {
			isa = PBXFrameworksBuildPhase;
			buildActionMask = 2147483647;
			files = (
				42BC461B193A604E00F28750 /* XCTest.framework in Frameworks */,
				42BC461D193A604E00F28750 /* UIKit.framework in Frameworks */,
				42BC461C193A604E00F28750 /* Foundation.framework in Frameworks */,
			);
			runOnlyForDeploymentPostprocessing = 0;
		};
/* End PBXFrameworksBuildPhase section */

/* Begin PBXGroup section */
		42BC45EF193A604E00F28750 = {
			isa = PBXGroup;
			children = (
				42BC4601193A604E00F28750 /* sportsBuddy */,
				42BC4620193A604F00F28750 /* sportsBuddyTests */,
				42BC45FA193A604E00F28750 /* Frameworks */,
				42BC45F9193A604E00F28750 /* Products */,
			);
			sourceTree = "<group>";
		};
		42BC45F9193A604E00F28750 /* Products */ = {
			isa = PBXGroup;
			children = (
				42BC45F8193A604E00F28750 /* sportsBuddy.app */,
				42BC4619193A604E00F28750 /* sportsBuddyTests.xctest */,
			);
			name = Products;
			sourceTree = "<group>";
		};
		42BC45FA193A604E00F28750 /* Frameworks */ = {
			isa = PBXGroup;
			children = (
				42BC45FB193A604E00F28750 /* Foundation.framework */,
				42BC45FD193A604E00F28750 /* CoreGraphics.framework */,
				42BC45FF193A604E00F28750 /* UIKit.framework */,
				42BC461A193A604E00F28750 /* XCTest.framework */,
			);
			name = Frameworks;
			sourceTree = "<group>";
		};
		42BC4601193A604E00F28750 /* sportsBuddy */ = {
			isa = PBXGroup;
			children = (
				42BC460A193A604E00F28750 /* AppDelegate.h */,
				42BC460B193A604E00F28750 /* AppDelegate.m */,
				42BC460D193A604E00F28750 /* Main.storyboard */,
				42BC4610193A604E00F28750 /* ViewController.h */,
				42BC4611193A604E00F28750 /* ViewController.m */,
				42BC4613193A604E00F28750 /* Images.xcassets */,
				42BC4602193A604E00F28750 /* Supporting Files */,
			);
			path = sportsBuddy;
			sourceTree = "<group>";
		};
		42BC4602193A604E00F28750 /* Supporting Files */ = {
			isa = PBXGroup;
			children = (
				42BC4603193A604E00F28750 /* sportsBuddy-Info.plist */,
				42BC4604193A604E00F28750 /* InfoPlist.strings */,
				42BC4607193A604E00F28750 /* main.m */,
				42BC4609193A604E00F28750 /* sportsBuddy-Prefix.pch */,
			);
			name = "Supporting Files";
			sourceTree = "<group>";
		};
		42BC4620193A604F00F28750 /* sportsBuddyTests */ = {
			isa = PBXGroup;
			children = (
				42BC4626193A604F00F28750 /* sportsBuddyTests.m */,
				42BC4621193A604F00F28750 /* Supporting Files */,
			);
			path = sportsBuddyTests;
			sourceTree = "<group>";
		};
		42BC4621193A604F00F28750 /* Supporting Files */ = {
			isa = PBXGroup;
			children = (
				42BC4622193A604F00F28750 /* sportsBuddyTests-Info.plist */,
				42BC4623193A604F00F28750 /* InfoPlist.strings */,
			);
			name = "Supporting Files";
			sourceTree = "<group>";
		};
/* End PBXGroup section */

/* Begin PBXNativeTarget section */
		42BC45F7193A604E00F28750 /* sportsBuddy */ = {
			isa = PBXNativeTarget;
			buildConfigurationList = 42BC462A193A604F00F28750 /* Build configuration list for PBXNativeTarget "sportsBuddy" */;
			buildPhases = (
				42BC45F4193A604E00F28750 /* Sources */,
				42BC45F5193A604E00F28750 /* Frameworks */,
				42BC45F6193A604E00F28750 /* Resources */,
			);
			buildRules = (
			);
			dependencies = (
			);
			name = sportsBuddy;
			productName = sportsBuddy;
			productReference = 42BC45F8193A604E00F28750 /* sportsBuddy.app */;
			productType = "com.apple.product-type.application";
		};
		42BC4618193A604E00F28750 /* sportsBuddyTests */ = {
			isa = PBXNativeTarget;
			buildConfigurationList = 42BC462D193A604F00F28750 /* Build configuration list for PBXNativeTarget "sportsBuddyTests" */;
			buildPhases = (
				42BC4615193A604E00F28750 /* Sources */,
				42BC4616193A604E00F28750 /* Frameworks */,
				42BC4617193A604E00F28750 /* Resources */,
			);
			buildRules = (
			);
			dependencies = (
				42BC461F193A604F00F28750 /* PBXTargetDependency */,
			);
			name = sportsBuddyTests;
			productName = sportsBuddyTests;
			productReference = 42BC4619193A604E00F28750 /* sportsBuddyTests.xctest */;
			productType = "com.apple.product-type.bundle.unit-test";
		};
/* End PBXNativeTarget section */

/* Begin PBXProject section */
		42BC45F0193A604E00F28750 /* Project object */ = {
			isa = PBXProject;
			attributes = {
				LastUpgradeCheck = 0510;
				ORGANIZATIONNAME = mattsApps;
				TargetAttributes = {
					42BC4618193A604E00F28750 = {
						TestTargetID = 42BC45F7193A604E00F28750;
					};
				};
			};
			buildConfigurationList = 42BC45F3193A604E00F28750 /* Build configuration list for PBXProject "sportsBuddy" */;
			compatibilityVersion = "Xcode 3.2";
			developmentRegion = English;
			hasScannedForEncodings = 0;
			knownRegions = (
				en,
				Base,
			);
			mainGroup = 42BC45EF193A604E00F28750;
			productRefGroup = 42BC45F9193A604E00F28750 /* Products */;
			projectDirPath = "";
			projectRoot = "";
			targets = (
				42BC45F7193A604E00F28750 /* sportsBuddy */,
				42BC4618193A604E00F28750 /* sportsBuddyTests */,
			);
		};
/* End PBXProject section */

/* Begin PBXResourcesBuildPhase section */
		42BC45F6193A604E00F28750 /* Resources */ = {
			isa = PBXResourcesBuildPhase;
			buildActionMask = 2147483647;
			files = (
				42BC4614193A604E00F28750 /* Images.xcassets in Resources */,
				42BC4606193A604E00F28750 /* InfoPlist.strings in Resources */,
				42BC460F193A604E00F28750 /* Main.storyboard in Resources */,
			);
			runOnlyForDeploymentPostprocessing = 0;
		};
		42BC4617193A604E00F28750 /* Resources */ = {
			isa = PBXResourcesBuildPhase;
			buildActionMask = 2147483647;
			files = (
				42BC4625193A604F00F28750 /* InfoPlist.strings in Resources */,
			);
			runOnlyForDeploymentPostprocessing = 0;
		};
/* End PBXResourcesBuildPhase section */

/* Begin PBXSourcesBuildPhase section */
		42BC45F4193A604E00F28750 /* Sources */ = {
			isa = PBXSourcesBuildPhase;
			buildActionMask = 2147483647;
			files = (
				42BC4612193A604E00F28750 /* ViewController.m in Sources */,
				42BC460C193A604E00F28750 /* AppDelegate.m in Sources */,
				42BC4608193A604E00F28750 /* main.m in Sources */,
			);
			runOnlyForDeploymentPostprocessing = 0;
		};
		42BC4615193A604E00F28750 /* Sources */ = {
			isa = PBXSourcesBuildPhase;
			buildActionMask = 2147483647;
			files = (
				42BC4627193A604F00F28750 /* sportsBuddyTests.m in Sources */,
			);
			runOnlyForDeploymentPostprocessing = 0;
		};
/* End PBXSourcesBuildPhase section */

/* Begin PBXTargetDependency section */
		42BC461F193A604F00F28750 /* PBXTargetDependency */ = {
			isa = PBXTargetDependency;
			target = 42BC45F7193A604E00F28750 /* sportsBuddy */;
			targetProxy = 42BC461E193A604F00F28750 /* PBXContainerItemProxy */;
		};
/* End PBXTargetDependency section */

/* Begin PBXVariantGroup section */
		42BC4604193A604E00F28750 /* InfoPlist.strings */ = {
			isa = PBXVariantGroup;
			children = (
				42BC4605193A604E00F28750 /* en */,
			);
			name = InfoPlist.strings;
			sourceTree = "<group>";
		};
		42BC460D193A604E00F28750 /* Main.storyboard */ = {
			isa = PBXVariantGroup;
			children = (
				42BC460E193A604E00F28750 /* Base */,
			);
			name = Main.storyboard;
			sourceTree = "<group>";
		};
		42BC4623193A604F00F28750 /* InfoPlist.strings */ = {
			isa = PBXVariantGroup;
			children = (
				42BC4624193A604F00F28750 /* en */,
			);
			name = InfoPlist.strings;
			sourceTree = "<group>";
		};
/* End PBXVariantGroup section */

/* Begin XCBuildConfiguration section */
		42BC4628193A604F00F28750 /* Debug */ = {
			isa = XCBuildConfiguration;
			buildSettings = {
				ALWAYS_SEARCH_USER_PATHS = NO;
				CLANG_CXX_LANGUAGE_STANDARD = "gnu++0x";
				CLANG_CXX_LIBRARY = "libc++";
				CLANG_ENABLE_MODULES = YES;
				CLANG_ENABLE_OBJC_ARC = YES;
				CLANG_WARN_BOOL_CONVERSION = YES;
				CLANG_WARN_CONSTANT_CONVERSION = YES;
				CLANG_WARN_DIRECT_OBJC_ISA_USAGE = YES_ERROR;
				CLANG_WARN_EMPTY_BODY = YES;
				CLANG_WARN_ENUM_CONVERSION = YES;
				CLANG_WARN_INT_CONVERSION = YES;
				CLANG_WARN_OBJC_ROOT_CLASS = YES_ERROR;
				CLANG_WARN__DUPLICATE_METHOD_MATCH = YES;
				"CODE_SIGN_IDENTITY[sdk=iphoneos*]" = "iPhone Developer";
				COPY_PHASE_STRIP = NO;
				GCC_C_LANGUAGE_STANDARD = gnu99;
				GCC_DYNAMIC_NO_PIC = NO;
				GCC_OPTIMIZATION_LEVEL = 0;
				GCC_PREPROCESSOR_DEFINITIONS = (
					"DEBUG=1",
					"$(inherited)",
				);
				GCC_SYMBOLS_PRIVATE_EXTERN = NO;
				GCC_WARN_64_TO_32_BIT_CONVERSION = YES;
				GCC_WARN_ABOUT_RETURN_TYPE = YES_ERROR;
				GCC_WARN_UNDECLARED_SELECTOR = YES;
				GCC_WARN_UNINITIALIZED_AUTOS = YES_AGGRESSIVE;
				GCC_WARN_UNUSED_FUNCTION = YES;
				GCC_WARN_UNUSED_VARIABLE = YES;
				IPHONEOS_DEPLOYMENT_TARGET = 7.1;
				ONLY_ACTIVE_ARCH = YES;
				SDKROOT = iphoneos;
			};
			name = Debug;
		};
		42BC4629193A604F00F28750 /* Release */ = {
			isa = XCBuildConfiguration;
			buildSettings = {
				ALWAYS_SEARCH_USER_PATHS = NO;
				CLANG_CXX_LANGUAGE_STANDARD = "gnu++0x";
				CLANG_CXX_LIBRARY = "libc++";
				CLANG_ENABLE_MODULES = YES;
				CLANG_ENABLE_OBJC_ARC = YES;
				CLANG_WARN_BOOL_CONVERSION = YES;
				CLANG_WARN_CONSTANT_CONVERSION = YES;
				CLANG_WARN_DIRECT_OBJC_ISA_USAGE = YES_ERROR;
				CLANG_WARN_EMPTY_BODY = YES;
				CLANG_WARN_ENUM_CONVERSION = YES;
				CLANG_WARN_INT_CONVERSION = YES;
				CLANG_WARN_OBJC_ROOT_CLASS = YES_ERROR;
				CLANG_WARN__DUPLICATE_METHOD_MATCH = YES;
				"CODE_SIGN_IDENTITY[sdk=iphoneos*]" = "iPhone Developer";
				COPY_PHASE_STRIP = YES;
				ENABLE_NS_ASSERTIONS = NO;
				GCC_C_LANGUAGE_STANDARD = gnu99;
				GCC_WARN_64_TO_32_BIT_CONVERSION = YES;
				GCC_WARN_ABOUT_RETURN_TYPE = YES_ERROR;
				GCC_WARN_UNDECLARED_SELECTOR = YES;
				GCC_WARN_UNINITIALIZED_AUTOS = YES_AGGRESSIVE;
				GCC_WARN_UNUSED_FUNCTION = YES;
				GCC_WARN_UNUSED_VARIABLE = YES;
				IPHONEOS_DEPLOYMENT_TARGET = 7.1;
				SDKROOT = iphoneos;
				VALIDATE_PRODUCT = YES;
			};
			name = Release;
		};
		42BC462B193A604F00F28750 /* Debug */ = {
			isa = XCBuildConfiguration;
			buildSettings = {
				ASSETCATALOG_COMPILER_APPICON_NAME = AppIcon;
				ASSETCATALOG_COMPILER_LAUNCHIMAGE_NAME = LaunchImage;
				GCC_PRECOMPILE_PREFIX_HEADER = YES;
				GCC_PREFIX_HEADER = "sportsBuddy/sportsBuddy-Prefix.pch";
				INFOPLIST_FILE = "sportsBuddy/sportsBuddy-Info.plist";
				PRODUCT_NAME = "$(TARGET_NAME)";
				WRAPPER_EXTENSION = app;
			};
			name = Debug;
		};
		42BC462C193A604F00F28750 /* Release */ = {
			isa = XCBuildConfiguration;
			buildSettings = {
				ASSETCATALOG_COMPILER_APPICON_NAME = AppIcon;
				ASSETCATALOG_COMPILER_LAUNCHIMAGE_NAME = LaunchImage;
				GCC_PRECOMPILE_PREFIX_HEADER = YES;
				GCC_PREFIX_HEADER = "sportsBuddy/sportsBuddy-Prefix.pch";
				INFOPLIST_FILE = "sportsBuddy/sportsBuddy-Info.plist";
				PRODUCT_NAME = "$(TARGET_NAME)";
				WRAPPER_EXTENSION = app;
			};
			name = Release;
		};
		42BC462E193A604F00F28750 /* Debug */ = {
			isa = XCBuildConfiguration;
			buildSettings = {
				BUNDLE_LOADER = "$(BUILT_PRODUCTS_DIR)/sportsBuddy.app/sportsBuddy";
				FRAMEWORK_SEARCH_PATHS = (
					"$(SDKROOT)/Developer/Library/Frameworks",
					"$(inherited)",
					"$(DEVELOPER_FRAMEWORKS_DIR)",
				);
				GCC_PRECOMPILE_PREFIX_HEADER = YES;
				GCC_PREFIX_HEADER = "sportsBuddy/sportsBuddy-Prefix.pch";
				GCC_PREPROCESSOR_DEFINITIONS = (
					"DEBUG=1",
					"$(inherited)",
				);
				INFOPLIST_FILE = "sportsBuddyTests/sportsBuddyTests-Info.plist";
				PRODUCT_NAME = "$(TARGET_NAME)";
				TEST_HOST = "$(BUNDLE_LOADER)";
				WRAPPER_EXTENSION = xctest;
			};
			name = Debug;
		};
		42BC462F193A604F00F28750 /* Release */ = {
			isa = XCBuildConfiguration;
			buildSettings = {
				BUNDLE_LOADER = "$(BUILT_PRODUCTS_DIR)/sportsBuddy.app/sportsBuddy";
				FRAMEWORK_SEARCH_PATHS = (
					"$(SDKROOT)/Developer/Library/Frameworks",
					"$(inherited)",
					"$(DEVELOPER_FRAMEWORKS_DIR)",
				);
				GCC_PRECOMPILE_PREFIX_HEADER = YES;
				GCC_PREFIX_HEADER = "sportsBuddy/sportsBuddy-Prefix.pch";
				INFOPLIST_FILE = "sportsBuddyTests/sportsBuddyTests-Info.plist";
				PRODUCT_NAME = "$(TARGET_NAME)";
				TEST_HOST = "$(BUNDLE_LOADER)";
				WRAPPER_EXTENSION = xctest;
			};
			name = Release;
		};
/* End XCBuildConfiguration section */

/* Begin XCConfigurationList section */
		42BC45F3193A604E00F28750 /* Build configuration list for PBXProject "sportsBuddy" */ = {
			isa = XCConfigurationList;
			buildConfigurations = (
				42BC4628193A604F00F28750 /* Debug */,
				42BC4629193A604F00F28750 /* Release */,
			);
			defaultConfigurationIsVisible = 0;
			defaultConfigurationName = Release;
		};
		42BC462A193A604F00F28750 /* Build configuration list for PBXNativeTarget "sportsBuddy" */ = {
			isa = XCConfigurationList;
			buildConfigurations = (
				42BC462B193A604F00F28750 /* Debug */,
				42BC462C193A604F00F28750 /* Release */,
			);
			defaultConfigurationIsVisible = 0;
		};
		42BC462D193A604F00F28750 /* Build configuration list for PBXNativeTarget "sportsBuddyTests" */ = {
			isa = XCConfigurationList;
			buildConfigurations = (
				42BC462E193A604F00F28750 /* Debug */,
				42BC462F193A604F00F28750 /* Release */,
			);
			defaultConfigurationIsVisible = 0;
		};
/* End XCConfigurationList section */
	};
	rootObject = 42BC45F0193A604E00F28750 /* Project object */;
}
